// !$*UTF8*$!
{
	archiveVersion = 1;
	classes = {
	};
	objectVersion = 50;
	objects = {

/* Begin PBXBuildFile section */
		5B28496A224095E1001FE8E3 /* ListView.swift in Sources */ = {isa = PBXBuildFile; fileRef = 5B284969224095E1001FE8E3 /* ListView.swift */; };
		5B2849712240961D001FE8E3 /* ProximaNova-Reg.otf in Resources */ = {isa = PBXBuildFile; fileRef = 5B28496C2240961C001FE8E3 /* ProximaNova-Reg.otf */; };
		5B2849722240961D001FE8E3 /* ProximaNova-Thin.otf in Resources */ = {isa = PBXBuildFile; fileRef = 5B28496D2240961C001FE8E3 /* ProximaNova-Thin.otf */; };
		5B2849732240961D001FE8E3 /* ProximaNova-Black.otf in Resources */ = {isa = PBXBuildFile; fileRef = 5B28496E2240961C001FE8E3 /* ProximaNova-Black.otf */; };
		5B2849742240961D001FE8E3 /* ProximaNova-Bold.otf in Resources */ = {isa = PBXBuildFile; fileRef = 5B28496F2240961D001FE8E3 /* ProximaNova-Bold.otf */; };
		5B2849752240961D001FE8E3 /* ProximaNova-Light.otf in Resources */ = {isa = PBXBuildFile; fileRef = 5B2849702240961D001FE8E3 /* ProximaNova-Light.otf */; };
		F2F0CC6322377B4700A10CA7 /* ExampleViewController.swift in Sources */ = {isa = PBXBuildFile; fileRef = F2F0CC6222377B4700A10CA7 /* ExampleViewController.swift */; };
		F2F0CC6522377E6200A10CA7 /* RecipeViewController.swift in Sources */ = {isa = PBXBuildFile; fileRef = F2F0CC6422377E6200A10CA7 /* RecipeViewController.swift */; };
		F2F0CC672237827D00A10CA7 /* RecipeTabBarController.swift in Sources */ = {isa = PBXBuildFile; fileRef = F2F0CC662237827D00A10CA7 /* RecipeTabBarController.swift */; };
		F2F0CC69223785F900A10CA7 /* FavoritesViewController.swift in Sources */ = {isa = PBXBuildFile; fileRef = F2F0CC68223785F900A10CA7 /* FavoritesViewController.swift */; };
		F2F0CC6B2237863A00A10CA7 /* FoodSelectionViewController.swift in Sources */ = {isa = PBXBuildFile; fileRef = F2F0CC6A2237863A00A10CA7 /* FoodSelectionViewController.swift */; };
		F2F0CC6D2237882C00A10CA7 /* RecipeDetailsViewController.swift in Sources */ = {isa = PBXBuildFile; fileRef = F2F0CC6C2237882C00A10CA7 /* RecipeDetailsViewController.swift */; };
		F2F6A533222F9DB800BD2E61 /* AppDelegate.swift in Sources */ = {isa = PBXBuildFile; fileRef = F2F6A532222F9DB800BD2E61 /* AppDelegate.swift */; };
		F2F6A538222F9DB800BD2E61 /* Main.storyboard in Resources */ = {isa = PBXBuildFile; fileRef = F2F6A536222F9DB800BD2E61 /* Main.storyboard */; };
		F2F6A53A222F9DB900BD2E61 /* Assets.xcassets in Resources */ = {isa = PBXBuildFile; fileRef = F2F6A539222F9DB900BD2E61 /* Assets.xcassets */; };
		F2F6A53D222F9DB900BD2E61 /* LaunchScreen.storyboard in Resources */ = {isa = PBXBuildFile; fileRef = F2F6A53B222F9DB900BD2E61 /* LaunchScreen.storyboard */; };
		F2F6A548222F9DB900BD2E61 /* FoodSaviorTests.swift in Sources */ = {isa = PBXBuildFile; fileRef = F2F6A547222F9DB900BD2E61 /* FoodSaviorTests.swift */; };
		F2F6A55A2231F8F100BD2E61 /* RedUIView.swift in Sources */ = {isa = PBXBuildFile; fileRef = F2F6A5592231F8F100BD2E61 /* RedUIView.swift */; };
/* End PBXBuildFile section */

/* Begin PBXContainerItemProxy section */
		F2F6A544222F9DB900BD2E61 /* PBXContainerItemProxy */ = {
			isa = PBXContainerItemProxy;
			containerPortal = F2F6A527222F9DB800BD2E61 /* Project object */;
			proxyType = 1;
			remoteGlobalIDString = F2F6A52E222F9DB800BD2E61;
			remoteInfo = FoodSavior;
		};
/* End PBXContainerItemProxy section */

/* Begin PBXFileReference section */
		5B284969224095E1001FE8E3 /* ListView.swift */ = {isa = PBXFileReference; lastKnownFileType = sourcecode.swift; path = ListView.swift; sourceTree = "<group>"; };
		5B28496C2240961C001FE8E3 /* ProximaNova-Reg.otf */ = {isa = PBXFileReference; lastKnownFileType = file; path = "ProximaNova-Reg.otf"; sourceTree = "<group>"; };
		5B28496D2240961C001FE8E3 /* ProximaNova-Thin.otf */ = {isa = PBXFileReference; lastKnownFileType = file; path = "ProximaNova-Thin.otf"; sourceTree = "<group>"; };
		5B28496E2240961C001FE8E3 /* ProximaNova-Black.otf */ = {isa = PBXFileReference; lastKnownFileType = file; path = "ProximaNova-Black.otf"; sourceTree = "<group>"; };
		5B28496F2240961D001FE8E3 /* ProximaNova-Bold.otf */ = {isa = PBXFileReference; lastKnownFileType = file; path = "ProximaNova-Bold.otf"; sourceTree = "<group>"; };
		5B2849702240961D001FE8E3 /* ProximaNova-Light.otf */ = {isa = PBXFileReference; lastKnownFileType = file; path = "ProximaNova-Light.otf"; sourceTree = "<group>"; };
		F2F0CC6222377B4700A10CA7 /* ExampleViewController.swift */ = {isa = PBXFileReference; lastKnownFileType = sourcecode.swift; path = ExampleViewController.swift; sourceTree = "<group>"; };
		F2F0CC6422377E6200A10CA7 /* RecipeViewController.swift */ = {isa = PBXFileReference; lastKnownFileType = sourcecode.swift; path = RecipeViewController.swift; sourceTree = "<group>"; };
		F2F0CC662237827D00A10CA7 /* RecipeTabBarController.swift */ = {isa = PBXFileReference; lastKnownFileType = sourcecode.swift; path = RecipeTabBarController.swift; sourceTree = "<group>"; };
		F2F0CC68223785F900A10CA7 /* FavoritesViewController.swift */ = {isa = PBXFileReference; lastKnownFileType = sourcecode.swift; path = FavoritesViewController.swift; sourceTree = "<group>"; };
		F2F0CC6A2237863A00A10CA7 /* FoodSelectionViewController.swift */ = {isa = PBXFileReference; lastKnownFileType = sourcecode.swift; path = FoodSelectionViewController.swift; sourceTree = "<group>"; };
		F2F0CC6C2237882C00A10CA7 /* RecipeDetailsViewController.swift */ = {isa = PBXFileReference; lastKnownFileType = sourcecode.swift; path = RecipeDetailsViewController.swift; sourceTree = "<group>"; };
		F2F6A52F222F9DB800BD2E61 /* FoodSavior.app */ = {isa = PBXFileReference; explicitFileType = wrapper.application; includeInIndex = 0; path = FoodSavior.app; sourceTree = BUILT_PRODUCTS_DIR; };
		F2F6A532222F9DB800BD2E61 /* AppDelegate.swift */ = {isa = PBXFileReference; lastKnownFileType = sourcecode.swift; path = AppDelegate.swift; sourceTree = "<group>"; };
		F2F6A537222F9DB800BD2E61 /* Base */ = {isa = PBXFileReference; lastKnownFileType = file.storyboard; name = Base; path = Base.lproj/Main.storyboard; sourceTree = "<group>"; };
		F2F6A539222F9DB900BD2E61 /* Assets.xcassets */ = {isa = PBXFileReference; lastKnownFileType = folder.assetcatalog; path = Assets.xcassets; sourceTree = "<group>"; };
		F2F6A53C222F9DB900BD2E61 /* Base */ = {isa = PBXFileReference; lastKnownFileType = file.storyboard; name = Base; path = Base.lproj/LaunchScreen.storyboard; sourceTree = "<group>"; };
		F2F6A53E222F9DB900BD2E61 /* Info.plist */ = {isa = PBXFileReference; lastKnownFileType = text.plist.xml; path = Info.plist; sourceTree = "<group>"; };
		F2F6A543222F9DB900BD2E61 /* FoodSaviorTests.xctest */ = {isa = PBXFileReference; explicitFileType = wrapper.cfbundle; includeInIndex = 0; path = FoodSaviorTests.xctest; sourceTree = BUILT_PRODUCTS_DIR; };
		F2F6A547222F9DB900BD2E61 /* FoodSaviorTests.swift */ = {isa = PBXFileReference; lastKnownFileType = sourcecode.swift; path = FoodSaviorTests.swift; sourceTree = "<group>"; };
		F2F6A549222F9DB900BD2E61 /* Info.plist */ = {isa = PBXFileReference; lastKnownFileType = text.plist.xml; path = Info.plist; sourceTree = "<group>"; };
		F2F6A5592231F8F100BD2E61 /* RedUIView.swift */ = {isa = PBXFileReference; lastKnownFileType = sourcecode.swift; path = RedUIView.swift; sourceTree = "<group>"; };
/* End PBXFileReference section */

/* Begin PBXFrameworksBuildPhase section */
		F2F6A52C222F9DB800BD2E61 /* Frameworks */ = {
			isa = PBXFrameworksBuildPhase;
			buildActionMask = 2147483647;
			files = (
			);
			runOnlyForDeploymentPostprocessing = 0;
		};
		F2F6A540222F9DB900BD2E61 /* Frameworks */ = {
			isa = PBXFrameworksBuildPhase;
			buildActionMask = 2147483647;
			files = (
			);
			runOnlyForDeploymentPostprocessing = 0;
		};
/* End PBXFrameworksBuildPhase section */

/* Begin PBXGroup section */
		5B28496B22409604001FE8E3 /* Fonts */ = {
			isa = PBXGroup;
			children = (
				5B28496E2240961C001FE8E3 /* ProximaNova-Black.otf */,
				5B28496F2240961D001FE8E3 /* ProximaNova-Bold.otf */,
				5B2849702240961D001FE8E3 /* ProximaNova-Light.otf */,
				5B28496C2240961C001FE8E3 /* ProximaNova-Reg.otf */,
				5B28496D2240961C001FE8E3 /* ProximaNova-Thin.otf */,
			);
			path = Fonts;
			sourceTree = "<group>";
		};
		F2F6A526222F9DB800BD2E61 = {
			isa = PBXGroup;
			children = (
				5B28496B22409604001FE8E3 /* Fonts */,
				F2F6A531222F9DB800BD2E61 /* FoodSavior */,
				F2F6A546222F9DB900BD2E61 /* FoodSaviorTests */,
				F2F6A530222F9DB800BD2E61 /* Products */,
			);
			sourceTree = "<group>";
		};
		F2F6A530222F9DB800BD2E61 /* Products */ = {
			isa = PBXGroup;
			children = (
				F2F6A52F222F9DB800BD2E61 /* FoodSavior.app */,
				F2F6A543222F9DB900BD2E61 /* FoodSaviorTests.xctest */,
			);
			name = Products;
			sourceTree = "<group>";
		};
		F2F6A531222F9DB800BD2E61 /* FoodSavior */ = {
			isa = PBXGroup;
			children = (
				F2F6A532222F9DB800BD2E61 /* AppDelegate.swift */,
				F2F6A552222F9DD400BD2E61 /* Storyboards */,
				F2F6A553222F9DE900BD2E61 /* View Controllers */,
				F2F6A554222F9DF500BD2E61 /* Views */,
				F2F6A555222F9DFE00BD2E61 /* Models */,
				F2F6A556222F9E0600BD2E61 /* APIs */,
				F2F6A539222F9DB900BD2E61 /* Assets.xcassets */,
				F2F6A53E222F9DB900BD2E61 /* Info.plist */,
			);
			path = FoodSavior;
			sourceTree = "<group>";
		};
		F2F6A546222F9DB900BD2E61 /* FoodSaviorTests */ = {
			isa = PBXGroup;
			children = (
				F2F6A547222F9DB900BD2E61 /* FoodSaviorTests.swift */,
				F2F6A549222F9DB900BD2E61 /* Info.plist */,
			);
			path = FoodSaviorTests;
			sourceTree = "<group>";
		};
		F2F6A552222F9DD400BD2E61 /* Storyboards */ = {
			isa = PBXGroup;
			children = (
				F2F6A536222F9DB800BD2E61 /* Main.storyboard */,
				F2F6A53B222F9DB900BD2E61 /* LaunchScreen.storyboard */,
			);
			path = Storyboards;
			sourceTree = "<group>";
		};
		F2F6A553222F9DE900BD2E61 /* View Controllers */ = {
			isa = PBXGroup;
			children = (
				F2F0CC6422377E6200A10CA7 /* RecipeViewController.swift */,
				F2F0CC6222377B4700A10CA7 /* ExampleViewController.swift */,
				F2F0CC662237827D00A10CA7 /* RecipeTabBarController.swift */,
				F2F0CC68223785F900A10CA7 /* FavoritesViewController.swift */,
				F2F0CC6A2237863A00A10CA7 /* FoodSelectionViewController.swift */,
				F2F0CC6C2237882C00A10CA7 /* RecipeDetailsViewController.swift */,
			);
			path = "View Controllers";
			sourceTree = "<group>";
		};
		F2F6A554222F9DF500BD2E61 /* Views */ = {
			isa = PBXGroup;
			children = (
				F2F6A5592231F8F100BD2E61 /* RedUIView.swift */,
				5B284969224095E1001FE8E3 /* ListView.swift */,
			);
			path = Views;
			sourceTree = "<group>";
		};
		F2F6A555222F9DFE00BD2E61 /* Models */ = {
			isa = PBXGroup;
			children = (
			);
			path = Models;
			sourceTree = "<group>";
		};
		F2F6A556222F9E0600BD2E61 /* APIs */ = {
			isa = PBXGroup;
			children = (
			);
			path = APIs;
			sourceTree = "<group>";
		};
/* End PBXGroup section */

/* Begin PBXNativeTarget section */
		F2F6A52E222F9DB800BD2E61 /* FoodSavior */ = {
			isa = PBXNativeTarget;
			buildConfigurationList = F2F6A54C222F9DB900BD2E61 /* Build configuration list for PBXNativeTarget "FoodSavior" */;
			buildPhases = (
				F2F6A52B222F9DB800BD2E61 /* Sources */,
				F2F6A52C222F9DB800BD2E61 /* Frameworks */,
				F2F6A52D222F9DB800BD2E61 /* Resources */,
			);
			buildRules = (
			);
			dependencies = (
			);
			name = FoodSavior;
			productName = FoodSavior;
			productReference = F2F6A52F222F9DB800BD2E61 /* FoodSavior.app */;
			productType = "com.apple.product-type.application";
		};
		F2F6A542222F9DB900BD2E61 /* FoodSaviorTests */ = {
			isa = PBXNativeTarget;
			buildConfigurationList = F2F6A54F222F9DB900BD2E61 /* Build configuration list for PBXNativeTarget "FoodSaviorTests" */;
			buildPhases = (
				F2F6A53F222F9DB900BD2E61 /* Sources */,
				F2F6A540222F9DB900BD2E61 /* Frameworks */,
				F2F6A541222F9DB900BD2E61 /* Resources */,
			);
			buildRules = (
			);
			dependencies = (
				F2F6A545222F9DB900BD2E61 /* PBXTargetDependency */,
			);
			name = FoodSaviorTests;
			productName = FoodSaviorTests;
			productReference = F2F6A543222F9DB900BD2E61 /* FoodSaviorTests.xctest */;
			productType = "com.apple.product-type.bundle.unit-test";
		};
/* End PBXNativeTarget section */

/* Begin PBXProject section */
		F2F6A527222F9DB800BD2E61 /* Project object */ = {
			isa = PBXProject;
			attributes = {
				LastSwiftUpdateCheck = 1010;
				LastUpgradeCheck = 1010;
				ORGANIZATIONNAME = "Dustin Langner";
				TargetAttributes = {
					F2F6A52E222F9DB800BD2E61 = {
						CreatedOnToolsVersion = 10.1;
					};
					F2F6A542222F9DB900BD2E61 = {
						CreatedOnToolsVersion = 10.1;
						TestTargetID = F2F6A52E222F9DB800BD2E61;
					};
				};
			};
			buildConfigurationList = F2F6A52A222F9DB800BD2E61 /* Build configuration list for PBXProject "FoodSavior" */;
			compatibilityVersion = "Xcode 9.3";
			developmentRegion = en;
			hasScannedForEncodings = 0;
			knownRegions = (
				en,
				Base,
			);
			mainGroup = F2F6A526222F9DB800BD2E61;
			productRefGroup = F2F6A530222F9DB800BD2E61 /* Products */;
			projectDirPath = "";
			projectRoot = "";
			targets = (
				F2F6A52E222F9DB800BD2E61 /* FoodSavior */,
				F2F6A542222F9DB900BD2E61 /* FoodSaviorTests */,
			);
		};
/* End PBXProject section */

/* Begin PBXResourcesBuildPhase section */
		F2F6A52D222F9DB800BD2E61 /* Resources */ = {
			isa = PBXResourcesBuildPhase;
			buildActionMask = 2147483647;
			files = (
				F2F6A53D222F9DB900BD2E61 /* LaunchScreen.storyboard in Resources */,
				5B2849712240961D001FE8E3 /* ProximaNova-Reg.otf in Resources */,
				5B2849742240961D001FE8E3 /* ProximaNova-Bold.otf in Resources */,
				5B2849732240961D001FE8E3 /* ProximaNova-Black.otf in Resources */,
				F2F6A53A222F9DB900BD2E61 /* Assets.xcassets in Resources */,
				5B2849752240961D001FE8E3 /* ProximaNova-Light.otf in Resources */,
				5B2849722240961D001FE8E3 /* ProximaNova-Thin.otf in Resources */,
				F2F6A538222F9DB800BD2E61 /* Main.storyboard in Resources */,
			);
			runOnlyForDeploymentPostprocessing = 0;
		};
		F2F6A541222F9DB900BD2E61 /* Resources */ = {
			isa = PBXResourcesBuildPhase;
			buildActionMask = 2147483647;
			files = (
			);
			runOnlyForDeploymentPostprocessing = 0;
		};
/* End PBXResourcesBuildPhase section */

/* Begin PBXSourcesBuildPhase section */
		F2F6A52B222F9DB800BD2E61 /* Sources */ = {
			isa = PBXSourcesBuildPhase;
			buildActionMask = 2147483647;
			files = (
				F2F0CC6522377E6200A10CA7 /* RecipeViewController.swift in Sources */,
				F2F0CC6B2237863A00A10CA7 /* FoodSelectionViewController.swift in Sources */,
				F2F6A533222F9DB800BD2E61 /* AppDelegate.swift in Sources */,
				F2F0CC6D2237882C00A10CA7 /* RecipeDetailsViewController.swift in Sources */,
				F2F0CC6322377B4700A10CA7 /* ExampleViewController.swift in Sources */,
				F2F6A55A2231F8F100BD2E61 /* RedUIView.swift in Sources */,
				F2F0CC69223785F900A10CA7 /* FavoritesViewController.swift in Sources */,
				F2F0CC672237827D00A10CA7 /* RecipeTabBarController.swift in Sources */,
				5B28496A224095E1001FE8E3 /* ListView.swift in Sources */,
			);
			runOnlyForDeploymentPostprocessing = 0;
		};
		F2F6A53F222F9DB900BD2E61 /* Sources */ = {
			isa = PBXSourcesBuildPhase;
			buildActionMask = 2147483647;
			files = (
				F2F6A548222F9DB900BD2E61 /* FoodSaviorTests.swift in Sources */,
			);
			runOnlyForDeploymentPostprocessing = 0;
		};
/* End PBXSourcesBuildPhase section */

/* Begin PBXTargetDependency section */
		F2F6A545222F9DB900BD2E61 /* PBXTargetDependency */ = {
			isa = PBXTargetDependency;
			target = F2F6A52E222F9DB800BD2E61 /* FoodSavior */;
			targetProxy = F2F6A544222F9DB900BD2E61 /* PBXContainerItemProxy */;
		};
/* End PBXTargetDependency section */

/* Begin PBXVariantGroup section */
		F2F6A536222F9DB800BD2E61 /* Main.storyboard */ = {
			isa = PBXVariantGroup;
			children = (
				F2F6A537222F9DB800BD2E61 /* Base */,
			);
			name = Main.storyboard;
			sourceTree = "<group>";
		};
		F2F6A53B222F9DB900BD2E61 /* LaunchScreen.storyboard */ = {
			isa = PBXVariantGroup;
			children = (
				F2F6A53C222F9DB900BD2E61 /* Base */,
			);
			name = LaunchScreen.storyboard;
			sourceTree = "<group>";
		};
/* End PBXVariantGroup section */

/* Begin XCBuildConfiguration section */
		F2F6A54A222F9DB900BD2E61 /* Debug */ = {
			isa = XCBuildConfiguration;
			buildSettings = {
				ALWAYS_SEARCH_USER_PATHS = NO;
				CLANG_ANALYZER_NONNULL = YES;
				CLANG_ANALYZER_NUMBER_OBJECT_CONVERSION = YES_AGGRESSIVE;
				CLANG_CXX_LANGUAGE_STANDARD = "gnu++14";
				CLANG_CXX_LIBRARY = "libc++";
				CLANG_ENABLE_MODULES = YES;
				CLANG_ENABLE_OBJC_ARC = YES;
				CLANG_ENABLE_OBJC_WEAK = YES;
				CLANG_WARN_BLOCK_CAPTURE_AUTORELEASING = YES;
				CLANG_WARN_BOOL_CONVERSION = YES;
				CLANG_WARN_COMMA = YES;
				CLANG_WARN_CONSTANT_CONVERSION = YES;
				CLANG_WARN_DEPRECATED_OBJC_IMPLEMENTATIONS = YES;
				CLANG_WARN_DIRECT_OBJC_ISA_USAGE = YES_ERROR;
				CLANG_WARN_DOCUMENTATION_COMMENTS = YES;
				CLANG_WARN_EMPTY_BODY = YES;
				CLANG_WARN_ENUM_CONVERSION = YES;
				CLANG_WARN_INFINITE_RECURSION = YES;
				CLANG_WARN_INT_CONVERSION = YES;
				CLANG_WARN_NON_LITERAL_NULL_CONVERSION = YES;
				CLANG_WARN_OBJC_IMPLICIT_RETAIN_SELF = YES;
				CLANG_WARN_OBJC_LITERAL_CONVERSION = YES;
				CLANG_WARN_OBJC_ROOT_CLASS = YES_ERROR;
				CLANG_WARN_RANGE_LOOP_ANALYSIS = YES;
				CLANG_WARN_STRICT_PROTOTYPES = YES;
				CLANG_WARN_SUSPICIOUS_MOVE = YES;
				CLANG_WARN_UNGUARDED_AVAILABILITY = YES_AGGRESSIVE;
				CLANG_WARN_UNREACHABLE_CODE = YES;
				CLANG_WARN__DUPLICATE_METHOD_MATCH = YES;
				CODE_SIGN_IDENTITY = "iPhone Developer";
				COPY_PHASE_STRIP = NO;
				DEBUG_INFORMATION_FORMAT = dwarf;
				ENABLE_STRICT_OBJC_MSGSEND = YES;
				ENABLE_TESTABILITY = YES;
				GCC_C_LANGUAGE_STANDARD = gnu11;
				GCC_DYNAMIC_NO_PIC = NO;
				GCC_NO_COMMON_BLOCKS = YES;
				GCC_OPTIMIZATION_LEVEL = 0;
				GCC_PREPROCESSOR_DEFINITIONS = (
					"DEBUG=1",
					"$(inherited)",
				);
				GCC_WARN_64_TO_32_BIT_CONVERSION = YES;
				GCC_WARN_ABOUT_RETURN_TYPE = YES_ERROR;
				GCC_WARN_UNDECLARED_SELECTOR = YES;
				GCC_WARN_UNINITIALIZED_AUTOS = YES_AGGRESSIVE;
				GCC_WARN_UNUSED_FUNCTION = YES;
				GCC_WARN_UNUSED_VARIABLE = YES;
				IPHONEOS_DEPLOYMENT_TARGET = 12.1;
				MTL_ENABLE_DEBUG_INFO = INCLUDE_SOURCE;
				MTL_FAST_MATH = YES;
				ONLY_ACTIVE_ARCH = YES;
				SDKROOT = iphoneos;
				SWIFT_ACTIVE_COMPILATION_CONDITIONS = DEBUG;
				SWIFT_OPTIMIZATION_LEVEL = "-Onone";
			};
			name = Debug;
		};
		F2F6A54B222F9DB900BD2E61 /* Release */ = {
			isa = XCBuildConfiguration;
			buildSettings = {
				ALWAYS_SEARCH_USER_PATHS = NO;
				CLANG_ANALYZER_NONNULL = YES;
				CLANG_ANALYZER_NUMBER_OBJECT_CONVERSION = YES_AGGRESSIVE;
				CLANG_CXX_LANGUAGE_STANDARD = "gnu++14";
				CLANG_CXX_LIBRARY = "libc++";
				CLANG_ENABLE_MODULES = YES;
				CLANG_ENABLE_OBJC_ARC = YES;
				CLANG_ENABLE_OBJC_WEAK = YES;
				CLANG_WARN_BLOCK_CAPTURE_AUTORELEASING = YES;
				CLANG_WARN_BOOL_CONVERSION = YES;
				CLANG_WARN_COMMA = YES;
				CLANG_WARN_CONSTANT_CONVERSION = YES;
				CLANG_WARN_DEPRECATED_OBJC_IMPLEMENTATIONS = YES;
				CLANG_WARN_DIRECT_OBJC_ISA_USAGE = YES_ERROR;
				CLANG_WARN_DOCUMENTATION_COMMENTS = YES;
				CLANG_WARN_EMPTY_BODY = YES;
				CLANG_WARN_ENUM_CONVERSION = YES;
				CLANG_WARN_INFINITE_RECURSION = YES;
				CLANG_WARN_INT_CONVERSION = YES;
				CLANG_WARN_NON_LITERAL_NULL_CONVERSION = YES;
				CLANG_WARN_OBJC_IMPLICIT_RETAIN_SELF = YES;
				CLANG_WARN_OBJC_LITERAL_CONVERSION = YES;
				CLANG_WARN_OBJC_ROOT_CLASS = YES_ERROR;
				CLANG_WARN_RANGE_LOOP_ANALYSIS = YES;
				CLANG_WARN_STRICT_PROTOTYPES = YES;
				CLANG_WARN_SUSPICIOUS_MOVE = YES;
				CLANG_WARN_UNGUARDED_AVAILABILITY = YES_AGGRESSIVE;
				CLANG_WARN_UNREACHABLE_CODE = YES;
				CLANG_WARN__DUPLICATE_METHOD_MATCH = YES;
				CODE_SIGN_IDENTITY = "iPhone Developer";
				COPY_PHASE_STRIP = NO;
				DEBUG_INFORMATION_FORMAT = "dwarf-with-dsym";
				ENABLE_NS_ASSERTIONS = NO;
				ENABLE_STRICT_OBJC_MSGSEND = YES;
				GCC_C_LANGUAGE_STANDARD = gnu11;
				GCC_NO_COMMON_BLOCKS = YES;
				GCC_WARN_64_TO_32_BIT_CONVERSION = YES;
				GCC_WARN_ABOUT_RETURN_TYPE = YES_ERROR;
				GCC_WARN_UNDECLARED_SELECTOR = YES;
				GCC_WARN_UNINITIALIZED_AUTOS = YES_AGGRESSIVE;
				GCC_WARN_UNUSED_FUNCTION = YES;
				GCC_WARN_UNUSED_VARIABLE = YES;
				IPHONEOS_DEPLOYMENT_TARGET = 12.1;
				MTL_ENABLE_DEBUG_INFO = NO;
				MTL_FAST_MATH = YES;
				SDKROOT = iphoneos;
				SWIFT_COMPILATION_MODE = wholemodule;
				SWIFT_OPTIMIZATION_LEVEL = "-O";
				VALIDATE_PRODUCT = YES;
			};
			name = Release;
		};
		F2F6A54D222F9DB900BD2E61 /* Debug */ = {
			isa = XCBuildConfiguration;
			buildSettings = {
				ASSETCATALOG_COMPILER_APPICON_NAME = AppIcon;
				CODE_SIGN_STYLE = Manual;
				DEVELOPMENT_TEAM = "";
				INFOPLIST_FILE = FoodSavior/Info.plist;
				LD_RUNPATH_SEARCH_PATHS = (
					"$(inherited)",
					"@executable_path/Frameworks",
				);
				PRODUCT_BUNDLE_IDENTIFIER = com.dustinlangner.FoodSavior;
				PRODUCT_NAME = "$(TARGET_NAME)";
				PROVISIONING_PROFILE_SPECIFIER = "";
				SWIFT_VERSION = 4.2;
				TARGETED_DEVICE_FAMILY = "1,2";
			};
			name = Debug;
		};
		F2F6A54E222F9DB900BD2E61 /* Release */ = {
			isa = XCBuildConfiguration;
			buildSettings = {
				ASSETCATALOG_COMPILER_APPICON_NAME = AppIcon;
				CODE_SIGN_STYLE = Manual;
				DEVELOPMENT_TEAM = "";
				INFOPLIST_FILE = FoodSavior/Info.plist;
				LD_RUNPATH_SEARCH_PATHS = (
					"$(inherited)",
					"@executable_path/Frameworks",
				);
				PRODUCT_BUNDLE_IDENTIFIER = com.dustinlangner.FoodSavior;
				PRODUCT_NAME = "$(TARGET_NAME)";
				PROVISIONING_PROFILE_SPECIFIER = "";
				SWIFT_VERSION = 4.2;
				TARGETED_DEVICE_FAMILY = "1,2";
			};
			name = Release;
		};
		F2F6A550222F9DB900BD2E61 /* Debug */ = {
			isa = XCBuildConfiguration;
			buildSettings = {
				ALWAYS_EMBED_SWIFT_STANDARD_LIBRARIES = YES;
				BUNDLE_LOADER = "$(TEST_HOST)";
				CODE_SIGN_STYLE = Automatic;
				DEVELOPMENT_TEAM = Q3VQ743SQK;
				INFOPLIST_FILE = FoodSaviorTests/Info.plist;
				LD_RUNPATH_SEARCH_PATHS = (
					"$(inherited)",
					"@executable_path/Frameworks",
					"@loader_path/Frameworks",
				);
				PRODUCT_BUNDLE_IDENTIFIER = com.dustinlangner.FoodSaviorTests;
				PRODUCT_NAME = "$(TARGET_NAME)";
				SWIFT_VERSION = 4.2;
				TARGETED_DEVICE_FAMILY = "1,2";
				TEST_HOST = "$(BUILT_PRODUCTS_DIR)/FoodSavior.app/FoodSavior";
			};
			name = Debug;
		};
		F2F6A551222F9DB900BD2E61 /* Release */ = {
			isa = XCBuildConfiguration;
			buildSettings = {
				ALWAYS_EMBED_SWIFT_STANDARD_LIBRARIES = YES;
				BUNDLE_LOADER = "$(TEST_HOST)";
				CODE_SIGN_STYLE = Automatic;
				DEVELOPMENT_TEAM = Q3VQ743SQK;
				INFOPLIST_FILE = FoodSaviorTests/Info.plist;
				LD_RUNPATH_SEARCH_PATHS = (
					"$(inherited)",
					"@executable_path/Frameworks",
					"@loader_path/Frameworks",
				);
				PRODUCT_BUNDLE_IDENTIFIER = com.dustinlangner.FoodSaviorTests;
				PRODUCT_NAME = "$(TARGET_NAME)";
				SWIFT_VERSION = 4.2;
				TARGETED_DEVICE_FAMILY = "1,2";
				TEST_HOST = "$(BUILT_PRODUCTS_DIR)/FoodSavior.app/FoodSavior";
			};
			name = Release;
		};
/* End XCBuildConfiguration section */

/* Begin XCConfigurationList section */
		F2F6A52A222F9DB800BD2E61 /* Build configuration list for PBXProject "FoodSavior" */ = {
			isa = XCConfigurationList;
			buildConfigurations = (
				F2F6A54A222F9DB900BD2E61 /* Debug */,
				F2F6A54B222F9DB900BD2E61 /* Release */,
			);
			defaultConfigurationIsVisible = 0;
			defaultConfigurationName = Release;
		};
		F2F6A54C222F9DB900BD2E61 /* Build configuration list for PBXNativeTarget "FoodSavior" */ = {
			isa = XCConfigurationList;
			buildConfigurations = (
				F2F6A54D222F9DB900BD2E61 /* Debug */,
				F2F6A54E222F9DB900BD2E61 /* Release */,
			);
			defaultConfigurationIsVisible = 0;
			defaultConfigurationName = Release;
		};
		F2F6A54F222F9DB900BD2E61 /* Build configuration list for PBXNativeTarget "FoodSaviorTests" */ = {
			isa = XCConfigurationList;
			buildConfigurations = (
				F2F6A550222F9DB900BD2E61 /* Debug */,
				F2F6A551222F9DB900BD2E61 /* Release */,
			);
			defaultConfigurationIsVisible = 0;
			defaultConfigurationName = Release;
		};
/* End XCConfigurationList section */
	};
	rootObject = F2F6A527222F9DB800BD2E61 /* Project object */;
}
